
Microsoft Visual Studio Solution File, Format Version 12.00
# Visual Studio Version 17
VisualStudioVersion = 17.9.34902.65
MinimumVisualStudioVersion = 10.0.40219.1
Project("{9A19103F-16F7-4668-BE54-9A1E7A4F7556}") = "ArtSpectrum", "ArtSpectrum\ArtSpectrum.csproj", "{A1D3CC23-4679-474F-A21F-1F26ED6CF71C}"
EndProject
Project("{FAE04EC0-301F-11D3-BF4B-00C04F79EFBC}") = "ArtSpectrum.Repository", "ArtSpectrum.Repository\ArtSpectrum.Repository.csproj", "{BF796806-5C03-4B73-954B-DB0D6B1688C5}"
EndProject
Global
	GlobalSection(SolutionConfigurationPlatforms) = preSolution
		Debug|Any CPU = Debug|Any CPU
		Release|Any CPU = Release|Any CPU
	EndGlobalSection
	GlobalSection(ProjectConfigurationPlatforms) = postSolution
		{A1D3CC23-4679-474F-A21F-1F26ED6CF71C}.Debug|Any CPU.ActiveCfg = Debug|Any CPU
		{A1D3CC23-4679-474F-A21F-1F26ED6CF71C}.Debug|Any CPU.Build.0 = Debug|Any CPU
		{A1D3CC23-4679-474F-A21F-1F26ED6CF71C}.Release|Any CPU.ActiveCfg = Release|Any CPU
		{A1D3CC23-4679-474F-A21F-1F26ED6CF71C}.Release|Any CPU.Build.0 = Release|Any CPU
		{BF796806-5C03-4B73-954B-DB0D6B1688C5}.Debug|Any CPU.ActiveCfg = Debug|Any CPU
		{BF796806-5C03-4B73-954B-DB0D6B1688C5}.Debug|Any CPU.Build.0 = Debug|Any CPU
		{BF796806-5C03-4B73-954B-DB0D6B1688C5}.Release|Any CPU.ActiveCfg = Release|Any CPU
		{BF796806-5C03-4B73-954B-DB0D6B1688C5}.Release|Any CPU.Build.0 = Release|Any CPU
	EndGlobalSection
	GlobalSection(SolutionProperties) = preSolution
		HideSolutionNode = FALSE
	EndGlobalSection
	GlobalSection(ExtensibilityGlobals) = postSolution
		SolutionGuid = {BD60121A-8D3D-42D5-B008-17AB4A8CA133}
	EndGlobalSection
EndGlobal
